Microsoft Visual Studio Solution File, Format Version 12.00
# Visual Studio 15
VisualStudioVersion = 15.0.27130.2024
MinimumVisualStudioVersion = 10.0.40219.1
Project("{2150E333-8FDC-42A3-9474-1A3956D46DE8}") = "Solution Items", "Solution Items", "{92D75691-2663-4A27-9A73-BF6F79D6EA8D}"
	ProjectSection(SolutionItems) = preProject
		ExtensionsWIP.cs = ExtensionsWIP.cs
		Just Notes During Dev.txt = Just Notes During Dev.txt
	EndProjectSection
EndProject
Project("{FAE04EC0-301F-11D3-BF4B-00C04F79EFBC}") = "Acs.Mobile.EFR", "Acs.Mobile\Acs.Mobile.EFR\Acs.Mobile.EFR.csproj", "{FD2719F7-A5A5-4B9F-A4E9-71ABD30F7B74}"
EndProject
Project("{FAE04EC0-301F-11D3-BF4B-00C04F79EFBC}") = "Acs.Mobile.EFR.Droid", "Acs.Mobile\Acs.Mobile.EFR.Droid\Acs.Mobile.EFR.Droid.csproj", "{FF65F12B-F5E9-4453-A58E-2B5B32E8590A}"
EndProject
Project("{FAE04EC0-301F-11D3-BF4B-00C04F79EFBC}") = "Acs.Mobile.EFR.iOS", "Acs.Mobile\Acs.Mobile.EFR.iOS\Acs.Mobile.EFR.iOS.csproj", "{8596350F-7C23-4C48-BBF2-F37881386CC9}"
EndProject
Project("{FAE04EC0-301F-11D3-BF4B-00C04F79EFBC}") = "Acs.Mobile.EFR.UWP", "Acs.Mobile\Acs.Mobile.EFR.UWP\Acs.Mobile.EFR.UWP.csproj", "{0C80B2EB-37B2-4C00-9A5C-E9F2D4538FA7}"
EndProject
Project("{9A19103F-16F7-4668-BE54-9A1E7A4F7556}") = "Acs.Domain.Models", "Acs.Domain\Acs.Domain.Models\Acs.Domain.Models.csproj", "{E9794D35-A15D-47ED-82D7-826CC96EE779}"
EndProject
Project("{9A19103F-16F7-4668-BE54-9A1E7A4F7556}") = "Acs.Services", "Acs.Services\Acs.Services\Acs.Services.csproj", "{6D7515AE-2183-46DE-9F68-D640C9E90348}"
EndProject
Project("{9A19103F-16F7-4668-BE54-9A1E7A4F7556}") = "Acs.Common.Util", "Acs.Common.Util\Acs.Common.Util\Acs.Common.Util.csproj", "{60E9D83D-6D95-49FF-817B-DDFC91676C4B}"
EndProject
Project("{FAE04EC0-301F-11D3-BF4B-00C04F79EFBC}") = "Acs.Mobile.Forms", "Acs.Mobile.Forms\Acs.Mobile.Forms.csproj", "{C255FF52-215A-4313-9230-00FC390850E8}"
EndProject
Global
	GlobalSection(SolutionConfigurationPlatforms) = preSolution
		Debug|Any CPU = Debug|Any CPU
		Debug|ARM = Debug|ARM
		Debug|iPhoneSimulator = Debug|iPhoneSimulator
		Debug|x64 = Debug|x64
		Debug|x86 = Debug|x86
		Release|Any CPU = Release|Any CPU
		Release|ARM = Release|ARM
		Release|iPhoneSimulator = Release|iPhoneSimulator
		Release|x64 = Release|x64
		Release|x86 = Release|x86
	EndGlobalSection
	GlobalSection(ProjectConfigurationPlatforms) = postSolution
		{FD2719F7-A5A5-4B9F-A4E9-71ABD30F7B74}.Debug|Any CPU.ActiveCfg = Debug|Any CPU
		{FD2719F7-A5A5-4B9F-A4E9-71ABD30F7B74}.Debug|Any CPU.Build.0 = Debug|Any CPU
		{FD2719F7-A5A5-4B9F-A4E9-71ABD30F7B74}.Debug|ARM.ActiveCfg = Debug|Any CPU
		{FD2719F7-A5A5-4B9F-A4E9-71ABD30F7B74}.Debug|ARM.Build.0 = Debug|Any CPU
		{FD2719F7-A5A5-4B9F-A4E9-71ABD30F7B74}.Debug|iPhoneSimulator.ActiveCfg = Debug|iPhoneSimulator
		{FD2719F7-A5A5-4B9F-A4E9-71ABD30F7B74}.Debug|iPhoneSimulator.Build.0 = Debug|iPhoneSimulator
		{FD2719F7-A5A5-4B9F-A4E9-71ABD30F7B74}.Debug|x64.ActiveCfg = Debug|Any CPU
		{FD2719F7-A5A5-4B9F-A4E9-71ABD30F7B74}.Debug|x64.Build.0 = Debug|Any CPU
		{FD2719F7-A5A5-4B9F-A4E9-71ABD30F7B74}.Debug|x86.ActiveCfg = Debug|Any CPU
		{FD2719F7-A5A5-4B9F-A4E9-71ABD30F7B74}.Debug|x86.Build.0 = Debug|Any CPU
		{FD2719F7-A5A5-4B9F-A4E9-71ABD30F7B74}.Release|Any CPU.ActiveCfg = Release|Any CPU
		{FD2719F7-A5A5-4B9F-A4E9-71ABD30F7B74}.Release|Any CPU.Build.0 = Release|Any CPU
		{FD2719F7-A5A5-4B9F-A4E9-71ABD30F7B74}.Release|ARM.ActiveCfg = Release|Any CPU
		{FD2719F7-A5A5-4B9F-A4E9-71ABD30F7B74}.Release|ARM.Build.0 = Release|Any CPU
		{FD2719F7-A5A5-4B9F-A4E9-71ABD30F7B74}.Release|iPhoneSimulator.ActiveCfg = Release|iPhoneSimulator
		{FD2719F7-A5A5-4B9F-A4E9-71ABD30F7B74}.Release|iPhoneSimulator.Build.0 = Release|iPhoneSimulator
		{FD2719F7-A5A5-4B9F-A4E9-71ABD30F7B74}.Release|x64.ActiveCfg = Release|Any CPU
		{FD2719F7-A5A5-4B9F-A4E9-71ABD30F7B74}.Release|x64.Build.0 = Release|Any CPU
		{FD2719F7-A5A5-4B9F-A4E9-71ABD30F7B74}.Release|x86.ActiveCfg = Release|Any CPU
		{FD2719F7-A5A5-4B9F-A4E9-71ABD30F7B74}.Release|x86.Build.0 = Release|Any CPU
		{FF65F12B-F5E9-4453-A58E-2B5B32E8590A}.Debug|Any CPU.ActiveCfg = Debug|Any CPU
		{FF65F12B-F5E9-4453-A58E-2B5B32E8590A}.Debug|Any CPU.Build.0 = Debug|Any CPU
		{FF65F12B-F5E9-4453-A58E-2B5B32E8590A}.Debug|Any CPU.Deploy.0 = Debug|Any CPU
		{FF65F12B-F5E9-4453-A58E-2B5B32E8590A}.Debug|ARM.ActiveCfg = Debug|Any CPU
		{FF65F12B-F5E9-4453-A58E-2B5B32E8590A}.Debug|ARM.Build.0 = Debug|Any CPU
		{FF65F12B-F5E9-4453-A58E-2B5B32E8590A}.Debug|ARM.Deploy.0 = Debug|Any CPU
		{FF65F12B-F5E9-4453-A58E-2B5B32E8590A}.Debug|iPhoneSimulator.ActiveCfg = Debug|iPhoneSimulator
		{FF65F12B-F5E9-4453-A58E-2B5B32E8590A}.Debug|iPhoneSimulator.Build.0 = Debug|iPhoneSimulator
		{FF65F12B-F5E9-4453-A58E-2B5B32E8590A}.Debug|x64.ActiveCfg = Debug|Any CPU
		{FF65F12B-F5E9-4453-A58E-2B5B32E8590A}.Debug|x64.Build.0 = Debug|Any CPU
		{FF65F12B-F5E9-4453-A58E-2B5B32E8590A}.Debug|x64.Deploy.0 = Debug|Any CPU
		{FF65F12B-F5E9-4453-A58E-2B5B32E8590A}.Debug|x86.ActiveCfg = Debug|Any CPU
		{FF65F12B-F5E9-4453-A58E-2B5B32E8590A}.Debug|x86.Build.0 = Debug|Any CPU
		{FF65F12B-F5E9-4453-A58E-2B5B32E8590A}.Debug|x86.Deploy.0 = Debug|Any CPU
		{FF65F12B-F5E9-4453-A58E-2B5B32E8590A}.Release|Any CPU.ActiveCfg = Release|Any CPU
		{FF65F12B-F5E9-4453-A58E-2B5B32E8590A}.Release|Any CPU.Build.0 = Release|Any CPU
		{FF65F12B-F5E9-4453-A58E-2B5B32E8590A}.Release|Any CPU.Deploy.0 = Release|Any CPU
		{FF65F12B-F5E9-4453-A58E-2B5B32E8590A}.Release|ARM.ActiveCfg = Release|Any CPU
		{FF65F12B-F5E9-4453-A58E-2B5B32E8590A}.Release|ARM.Build.0 = Release|Any CPU
		{FF65F12B-F5E9-4453-A58E-2B5B32E8590A}.Release|ARM.Deploy.0 = Release|Any CPU
		{FF65F12B-F5E9-4453-A58E-2B5B32E8590A}.Release|iPhoneSimulator.ActiveCfg = Release|iPhoneSimulator
		{FF65F12B-F5E9-4453-A58E-2B5B32E8590A}.Release|iPhoneSimulator.Build.0 = Release|iPhoneSimulator
		{FF65F12B-F5E9-4453-A58E-2B5B32E8590A}.Release|iPhoneSimulator.Deploy.0 = Release|iPhoneSimulator
		{FF65F12B-F5E9-4453-A58E-2B5B32E8590A}.Release|x64.ActiveCfg = Release|Any CPU
		{FF65F12B-F5E9-4453-A58E-2B5B32E8590A}.Release|x64.Build.0 = Release|Any CPU
		{FF65F12B-F5E9-4453-A58E-2B5B32E8590A}.Release|x64.Deploy.0 = Release|Any CPU
		{FF65F12B-F5E9-4453-A58E-2B5B32E8590A}.Release|x86.ActiveCfg = Release|Any CPU
		{FF65F12B-F5E9-4453-A58E-2B5B32E8590A}.Release|x86.Build.0 = Release|Any CPU
		{FF65F12B-F5E9-4453-A58E-2B5B32E8590A}.Release|x86.Deploy.0 = Release|Any CPU
		{8596350F-7C23-4C48-BBF2-F37881386CC9}.Debug|Any CPU.ActiveCfg = Debug|iPhone
		{8596350F-7C23-4C48-BBF2-F37881386CC9}.Debug|ARM.ActiveCfg = Debug|iPhone
		{8596350F-7C23-4C48-BBF2-F37881386CC9}.Debug|iPhoneSimulator.ActiveCfg = Debug|iPhoneSimulator
		{8596350F-7C23-4C48-BBF2-F37881386CC9}.Debug|iPhoneSimulator.Build.0 = Debug|iPhoneSimulator
		{8596350F-7C23-4C48-BBF2-F37881386CC9}.Debug|x64.ActiveCfg = Debug|iPhone
		{8596350F-7C23-4C48-BBF2-F37881386CC9}.Debug|x86.ActiveCfg = Debug|iPhone
		{8596350F-7C23-4C48-BBF2-F37881386CC9}.Release|Any CPU.ActiveCfg = Release|iPhone
		{8596350F-7C23-4C48-BBF2-F37881386CC9}.Release|ARM.ActiveCfg = Release|iPhone
		{8596350F-7C23-4C48-BBF2-F37881386CC9}.Release|iPhoneSimulator.ActiveCfg = Release|iPhoneSimulator
		{8596350F-7C23-4C48-BBF2-F37881386CC9}.Release|iPhoneSimulator.Build.0 = Release|iPhoneSimulator
		{8596350F-7C23-4C48-BBF2-F37881386CC9}.Release|x64.ActiveCfg = Release|iPhone
		{8596350F-7C23-4C48-BBF2-F37881386CC9}.Release|x86.ActiveCfg = Release|iPhone
		{0C80B2EB-37B2-4C00-9A5C-E9F2D4538FA7}.Debug|Any CPU.ActiveCfg = Debug|x86
		{0C80B2EB-37B2-4C00-9A5C-E9F2D4538FA7}.Debug|ARM.ActiveCfg = Debug|ARM
		{0C80B2EB-37B2-4C00-9A5C-E9F2D4538FA7}.Debug|ARM.Build.0 = Debug|ARM
		{0C80B2EB-37B2-4C00-9A5C-E9F2D4538FA7}.Debug|ARM.Deploy.0 = Debug|ARM
		{0C80B2EB-37B2-4C00-9A5C-E9F2D4538FA7}.Debug|iPhoneSimulator.ActiveCfg = Debug|x86
		{0C80B2EB-37B2-4C00-9A5C-E9F2D4538FA7}.Debug|x64.ActiveCfg = Debug|x64
		{0C80B2EB-37B2-4C00-9A5C-E9F2D4538FA7}.Debug|x64.Build.0 = Debug|x64
		{0C80B2EB-37B2-4C00-9A5C-E9F2D4538FA7}.Debug|x64.Deploy.0 = Debug|x64
		{0C80B2EB-37B2-4C00-9A5C-E9F2D4538FA7}.Debug|x86.ActiveCfg = Debug|x86
		{0C80B2EB-37B2-4C00-9A5C-E9F2D4538FA7}.Debug|x86.Build.0 = Debug|x86
		{0C80B2EB-37B2-4C00-9A5C-E9F2D4538FA7}.Debug|x86.Deploy.0 = Debug|x86
		{0C80B2EB-37B2-4C00-9A5C-E9F2D4538FA7}.Release|Any CPU.ActiveCfg = Release|x86
		{0C80B2EB-37B2-4C00-9A5C-E9F2D4538FA7}.Release|ARM.ActiveCfg = Release|ARM
		{0C80B2EB-37B2-4C00-9A5C-E9F2D4538FA7}.Release|ARM.Build.0 = Release|ARM
		{0C80B2EB-37B2-4C00-9A5C-E9F2D4538FA7}.Release|ARM.Deploy.0 = Release|ARM
		{0C80B2EB-37B2-4C00-9A5C-E9F2D4538FA7}.Release|iPhoneSimulator.ActiveCfg = Release|x86
		{0C80B2EB-37B2-4C00-9A5C-E9F2D4538FA7}.Release|x64.ActiveCfg = Release|x64
		{0C80B2EB-37B2-4C00-9A5C-E9F2D4538FA7}.Release|x64.Build.0 = Release|x64
		{0C80B2EB-37B2-4C00-9A5C-E9F2D4538FA7}.Release|x64.Deploy.0 = Release|x64
		{0C80B2EB-37B2-4C00-9A5C-E9F2D4538FA7}.Release|x86.ActiveCfg = Release|x86
		{0C80B2EB-37B2-4C00-9A5C-E9F2D4538FA7}.Release|x86.Build.0 = Release|x86
		{0C80B2EB-37B2-4C00-9A5C-E9F2D4538FA7}.Release|x86.Deploy.0 = Release|x86
		{E9794D35-A15D-47ED-82D7-826CC96EE779}.Debug|Any CPU.ActiveCfg = Debug|Any CPU
		{E9794D35-A15D-47ED-82D7-826CC96EE779}.Debug|Any CPU.Build.0 = Debug|Any CPU
		{E9794D35-A15D-47ED-82D7-826CC96EE779}.Debug|ARM.ActiveCfg = Debug|Any CPU
		{E9794D35-A15D-47ED-82D7-826CC96EE779}.Debug|ARM.Build.0 = Debug|Any CPU
		{E9794D35-A15D-47ED-82D7-826CC96EE779}.Debug|iPhoneSimulator.ActiveCfg = Debug|Any CPU
		{E9794D35-A15D-47ED-82D7-826CC96EE779}.Debug|iPhoneSimulator.Build.0 = Debug|Any CPU
		{E9794D35-A15D-47ED-82D7-826CC96EE779}.Debug|x64.ActiveCfg = Debug|Any CPU
		{E9794D35-A15D-47ED-82D7-826CC96EE779}.Debug|x64.Build.0 = Debug|Any CPU
		{E9794D35-A15D-47ED-82D7-826CC96EE779}.Debug|x86.ActiveCfg = Debug|Any CPU
		{E9794D35-A15D-47ED-82D7-826CC96EE779}.Debug|x86.Build.0 = Debug|Any CPU
		{E9794D35-A15D-47ED-82D7-826CC96EE779}.Release|Any CPU.ActiveCfg = Release|Any CPU
		{E9794D35-A15D-47ED-82D7-826CC96EE779}.Release|Any CPU.Build.0 = Release|Any CPU
		{E9794D35-A15D-47ED-82D7-826CC96EE779}.Release|ARM.ActiveCfg = Release|Any CPU
		{E9794D35-A15D-47ED-82D7-826CC96EE779}.Release|ARM.Build.0 = Release|Any CPU
		{E9794D35-A15D-47ED-82D7-826CC96EE779}.Release|iPhoneSimulator.ActiveCfg = Release|Any CPU
		{E9794D35-A15D-47ED-82D7-826CC96EE779}.Release|iPhoneSimulator.Build.0 = Release|Any CPU
		{E9794D35-A15D-47ED-82D7-826CC96EE779}.Release|x64.ActiveCfg = Release|Any CPU
		{E9794D35-A15D-47ED-82D7-826CC96EE779}.Release|x64.Build.0 = Release|Any CPU
		{E9794D35-A15D-47ED-82D7-826CC96EE779}.Release|x86.ActiveCfg = Release|Any CPU
		{E9794D35-A15D-47ED-82D7-826CC96EE779}.Release|x86.Build.0 = Release|Any CPU
		{6D7515AE-2183-46DE-9F68-D640C9E90348}.Debug|Any CPU.ActiveCfg = Debug|Any CPU
		{6D7515AE-2183-46DE-9F68-D640C9E90348}.Debug|Any CPU.Build.0 = Debug|Any CPU
		{6D7515AE-2183-46DE-9F68-D640C9E90348}.Debug|ARM.ActiveCfg = Debug|Any CPU
		{6D7515AE-2183-46DE-9F68-D640C9E90348}.Debug|ARM.Build.0 = Debug|Any CPU
		{6D7515AE-2183-46DE-9F68-D640C9E90348}.Debug|iPhoneSimulator.ActiveCfg = Debug|Any CPU
		{6D7515AE-2183-46DE-9F68-D640C9E90348}.Debug|iPhoneSimulator.Build.0 = Debug|Any CPU
		{6D7515AE-2183-46DE-9F68-D640C9E90348}.Debug|x64.ActiveCfg = Debug|Any CPU
		{6D7515AE-2183-46DE-9F68-D640C9E90348}.Debug|x64.Build.0 = Debug|Any CPU
		{6D7515AE-2183-46DE-9F68-D640C9E90348}.Debug|x86.ActiveCfg = Debug|Any CPU
		{6D7515AE-2183-46DE-9F68-D640C9E90348}.Debug|x86.Build.0 = Debug|Any CPU
		{6D7515AE-2183-46DE-9F68-D640C9E90348}.Release|Any CPU.ActiveCfg = Release|Any CPU
		{6D7515AE-2183-46DE-9F68-D640C9E90348}.Release|Any CPU.Build.0 = Release|Any CPU
		{6D7515AE-2183-46DE-9F68-D640C9E90348}.Release|ARM.ActiveCfg = Release|Any CPU
		{6D7515AE-2183-46DE-9F68-D640C9E90348}.Release|ARM.Build.0 = Release|Any CPU
		{6D7515AE-2183-46DE-9F68-D640C9E90348}.Release|iPhoneSimulator.ActiveCfg = Release|Any CPU
		{6D7515AE-2183-46DE-9F68-D640C9E90348}.Release|iPhoneSimulator.Build.0 = Release|Any CPU
		{6D7515AE-2183-46DE-9F68-D640C9E90348}.Release|x64.ActiveCfg = Release|Any CPU
		{6D7515AE-2183-46DE-9F68-D640C9E90348}.Release|x64.Build.0 = Release|Any CPU
		{6D7515AE-2183-46DE-9F68-D640C9E90348}.Release|x86.ActiveCfg = Release|Any CPU
		{6D7515AE-2183-46DE-9F68-D640C9E90348}.Release|x86.Build.0 = Release|Any CPU
		{60E9D83D-6D95-49FF-817B-DDFC91676C4B}.Debug|Any CPU.ActiveCfg = Debug|Any CPU
		{60E9D83D-6D95-49FF-817B-DDFC91676C4B}.Debug|Any CPU.Build.0 = Debug|Any CPU
		{60E9D83D-6D95-49FF-817B-DDFC91676C4B}.Debug|ARM.ActiveCfg = Debug|Any CPU
		{60E9D83D-6D95-49FF-817B-DDFC91676C4B}.Debug|ARM.Build.0 = Debug|Any CPU
		{60E9D83D-6D95-49FF-817B-DDFC91676C4B}.Debug|iPhoneSimulator.ActiveCfg = Debug|Any CPU
		{60E9D83D-6D95-49FF-817B-DDFC91676C4B}.Debug|iPhoneSimulator.Build.0 = Debug|Any CPU
		{60E9D83D-6D95-49FF-817B-DDFC91676C4B}.Debug|x64.ActiveCfg = Debug|Any CPU
		{60E9D83D-6D95-49FF-817B-DDFC91676C4B}.Debug|x64.Build.0 = Debug|Any CPU
		{60E9D83D-6D95-49FF-817B-DDFC91676C4B}.Debug|x86.ActiveCfg = Debug|Any CPU
		{60E9D83D-6D95-49FF-817B-DDFC91676C4B}.Debug|x86.Build.0 = Debug|Any CPU
		{60E9D83D-6D95-49FF-817B-DDFC91676C4B}.Release|Any CPU.ActiveCfg = Release|Any CPU
		{60E9D83D-6D95-49FF-817B-DDFC91676C4B}.Release|Any CPU.Build.0 = Release|Any CPU
		{60E9D83D-6D95-49FF-817B-DDFC91676C4B}.Release|ARM.ActiveCfg = Release|Any CPU
		{60E9D83D-6D95-49FF-817B-DDFC91676C4B}.Release|ARM.Build.0 = Release|Any CPU
		{60E9D83D-6D95-49FF-817B-DDFC91676C4B}.Release|iPhoneSimulator.ActiveCfg = Release|Any CPU
		{60E9D83D-6D95-49FF-817B-DDFC91676C4B}.Release|iPhoneSimulator.Build.0 = Release|Any CPU
		{60E9D83D-6D95-49FF-817B-DDFC91676C4B}.Release|x64.ActiveCfg = Release|Any CPU
		{60E9D83D-6D95-49FF-817B-DDFC91676C4B}.Release|x64.Build.0 = Release|Any CPU
		{60E9D83D-6D95-49FF-817B-DDFC91676C4B}.Release|x86.ActiveCfg = Release|Any CPU
		{60E9D83D-6D95-49FF-817B-DDFC91676C4B}.Release|x86.Build.0 = Release|Any CPU
		{C255FF52-215A-4313-9230-00FC390850E8}.Debug|Any CPU.ActiveCfg = Debug|Any CPU
		{C255FF52-215A-4313-9230-00FC390850E8}.Debug|Any CPU.Build.0 = Debug|Any CPU
		{C255FF52-215A-4313-9230-00FC390850E8}.Debug|ARM.ActiveCfg = Debug|Any CPU
		{C255FF52-215A-4313-9230-00FC390850E8}.Debug|ARM.Build.0 = Debug|Any CPU
		{C255FF52-215A-4313-9230-00FC390850E8}.Debug|iPhoneSimulator.ActiveCfg = Debug|Any CPU
		{C255FF52-215A-4313-9230-00FC390850E8}.Debug|iPhoneSimulator.Build.0 = Debug|Any CPU
		{C255FF52-215A-4313-9230-00FC390850E8}.Debug|x64.ActiveCfg = Debug|Any CPU
		{C255FF52-215A-4313-9230-00FC390850E8}.Debug|x64.Build.0 = Debug|Any CPU
		{C255FF52-215A-4313-9230-00FC390850E8}.Debug|x86.ActiveCfg = Debug|Any CPU
		{C255FF52-215A-4313-9230-00FC390850E8}.Debug|x86.Build.0 = Debug|Any CPU
		{C255FF52-215A-4313-9230-00FC390850E8}.Release|Any CPU.ActiveCfg = Release|Any CPU
		{C255FF52-215A-4313-9230-00FC390850E8}.Release|Any CPU.Build.0 = Release|Any CPU
		{C255FF52-215A-4313-9230-00FC390850E8}.Release|ARM.ActiveCfg = Release|Any CPU
		{C255FF52-215A-4313-9230-00FC390850E8}.Release|ARM.Build.0 = Release|Any CPU
		{C255FF52-215A-4313-9230-00FC390850E8}.Release|iPhoneSimulator.ActiveCfg = Release|Any CPU
		{C255FF52-215A-4313-9230-00FC390850E8}.Release|iPhoneSimulator.Build.0 = Release|Any CPU
		{C255FF52-215A-4313-9230-00FC390850E8}.Release|x64.ActiveCfg = Release|Any CPU
		{C255FF52-215A-4313-9230-00FC390850E8}.Release|x64.Build.0 = Release|Any CPU
		{C255FF52-215A-4313-9230-00FC390850E8}.Release|x86.ActiveCfg = Release|Any CPU
		{C255FF52-215A-4313-9230-00FC390850E8}.Release|x86.Build.0 = Release|Any CPU
	EndGlobalSection
	GlobalSection(SolutionProperties) = preSolution
		HideSolutionNode = FALSE
	EndGlobalSection
	GlobalSection(ExtensibilityGlobals) = postSolution
		SolutionGuid = {E68C9029-113D-45BE-9C23-7C38A8B2F264}
	EndGlobalSection
EndGlobal
