
Microsoft Visual Studio Solution File, Format Version 12.00
# Visual Studio 15
VisualStudioVersion = 15.0.27130.2020
MinimumVisualStudioVersion = 10.0.40219.1
Project("{FAE04EC0-301F-11D3-BF4B-00C04F79EFBC}") = "Acs.Common.Util.Tests", "Acs.Common.Util.Tests\Acs.Common.Util.Tests.csproj", "{B261E51F-4318-4007-8A4E-DCDAAC452EBE}"
EndProject
Project("{9A19103F-16F7-4668-BE54-9A1E7A4F7556}") = "Acs.Common.Util", "Acs.Common.Util\Acs.Common.Util.csproj", "{5D8BB111-4443-4DAD-A91E-51C5B7150703}"
EndProject
Global
	GlobalSection(SolutionConfigurationPlatforms) = preSolution
		Debug|Any CPU = Debug|Any CPU
		Release|Any CPU = Release|Any CPU
	EndGlobalSection
	GlobalSection(ProjectConfigurationPlatforms) = postSolution
		{B261E51F-4318-4007-8A4E-DCDAAC452EBE}.Debug|Any CPU.ActiveCfg = Debug|Any CPU
		{B261E51F-4318-4007-8A4E-DCDAAC452EBE}.Debug|Any CPU.Build.0 = Debug|Any CPU
		{B261E51F-4318-4007-8A4E-DCDAAC452EBE}.Release|Any CPU.ActiveCfg = Release|Any CPU
		{B261E51F-4318-4007-8A4E-DCDAAC452EBE}.Release|Any CPU.Build.0 = Release|Any CPU
		{5D8BB111-4443-4DAD-A91E-51C5B7150703}.Debug|Any CPU.ActiveCfg = Debug|Any CPU
		{5D8BB111-4443-4DAD-A91E-51C5B7150703}.Debug|Any CPU.Build.0 = Debug|Any CPU
		{5D8BB111-4443-4DAD-A91E-51C5B7150703}.Release|Any CPU.ActiveCfg = Release|Any CPU
		{5D8BB111-4443-4DAD-A91E-51C5B7150703}.Release|Any CPU.Build.0 = Release|Any CPU
	EndGlobalSection
	GlobalSection(SolutionProperties) = preSolution
		HideSolutionNode = FALSE
	EndGlobalSection
	GlobalSection(ExtensibilityGlobals) = postSolution
		SolutionGuid = {B72CD845-DD2F-4C1A-A48C-8E9FF939ECCF}
	EndGlobalSection
EndGlobal
